
Microsoft Visual Studio Solution File, Format Version 12.00
# Visual Studio Version 17
VisualStudioVersion = 17.4.33103.184
MinimumVisualStudioVersion = 10.0.40219.1
Project("{9A19103F-16F7-4668-BE54-9A1E7A4F7556}") = "NaviSharp", "NaviSharp\NaviSharp.csproj", "{B0D927C1-A97F-4BCE-99E8-4D32E8482C0A}"
EndProject
Project("{9A19103F-16F7-4668-BE54-9A1E7A4F7556}") = "NaviSharpTest", "NaviSharpTest\NaviSharpTest.csproj", "{F7774247-93DC-4CF9-A1C6-AD2D30D79960}"
EndProject
Global
	GlobalSection(SolutionConfigurationPlatforms) = preSolution
		Debug|Any CPU = Debug|Any CPU
		Release|Any CPU = Release|Any CPU
	EndGlobalSection
	GlobalSection(ProjectConfigurationPlatforms) = postSolution
		{B0D927C1-A97F-4BCE-99E8-4D32E8482C0A}.Debug|Any CPU.ActiveCfg = Debug|Any CPU
		{B0D927C1-A97F-4BCE-99E8-4D32E8482C0A}.Debug|Any CPU.Build.0 = Debug|Any CPU
		{B0D927C1-A97F-4BCE-99E8-4D32E8482C0A}.Release|Any CPU.ActiveCfg = Release|Any CPU
		{B0D927C1-A97F-4BCE-99E8-4D32E8482C0A}.Release|Any CPU.Build.0 = Release|Any CPU
		{F7774247-93DC-4CF9-A1C6-AD2D30D79960}.Debug|Any CPU.ActiveCfg = Debug|Any CPU
		{F7774247-93DC-4CF9-A1C6-AD2D30D79960}.Debug|Any CPU.Build.0 = Debug|Any CPU
		{F7774247-93DC-4CF9-A1C6-AD2D30D79960}.Release|Any CPU.ActiveCfg = Release|Any CPU
		{F7774247-93DC-4CF9-A1C6-AD2D30D79960}.Release|Any CPU.Build.0 = Release|Any CPU
	EndGlobalSection
	GlobalSection(SolutionProperties) = preSolution
		HideSolutionNode = FALSE
	EndGlobalSection
	GlobalSection(ExtensibilityGlobals) = postSolution
		SolutionGuid = {06B096F5-6623-4996-92B9-6BE11C0B8EB7}
	EndGlobalSection
EndGlobal
